
Microsoft Visual Studio Solution File, Format Version 12.00
# Visual Studio Version 17
VisualStudioVersion = 17.3.32929.385
MinimumVisualStudioVersion = 10.0.40219.1
Project("{FAE04EC0-301F-11D3-BF4B-00C04F79EFBC}") = "ECommerce.WebUI", "ECommerce.WebUI\ECommerce.WebUI.csproj", "{0563F83B-0CB3-4B20-B530-7FF36B53580E}"
EndProject
Project("{FAE04EC0-301F-11D3-BF4B-00C04F79EFBC}") = "App.Entities", "App.Entities\App.Entities.csproj", "{849C5FE5-277A-4EBF-9FC2-3BDE06FD31BA}"
EndProject
Project("{FAE04EC0-301F-11D3-BF4B-00C04F79EFBC}") = "App.Core", "App.Core\App.Core.csproj", "{5CC04E41-C980-4BEC-B9B6-0EB044CAC014}"
EndProject
Project("{FAE04EC0-301F-11D3-BF4B-00C04F79EFBC}") = "App.DataAccess", "App.DataAccess\App.DataAccess.csproj", "{5AE7EC44-DA37-497A-8214-89BE05CA55CF}"
EndProject
Project("{FAE04EC0-301F-11D3-BF4B-00C04F79EFBC}") = "App.Business", "App.Business\App.Business.csproj", "{36254D42-D9B1-418F-902F-1EE5CC5A9C2B}"
EndProject
Global
	GlobalSection(SolutionConfigurationPlatforms) = preSolution
		Debug|Any CPU = Debug|Any CPU
		Release|Any CPU = Release|Any CPU
	EndGlobalSection
	GlobalSection(ProjectConfigurationPlatforms) = postSolution
		{0563F83B-0CB3-4B20-B530-7FF36B53580E}.Debug|Any CPU.ActiveCfg = Debug|Any CPU
		{0563F83B-0CB3-4B20-B530-7FF36B53580E}.Debug|Any CPU.Build.0 = Debug|Any CPU
		{0563F83B-0CB3-4B20-B530-7FF36B53580E}.Release|Any CPU.ActiveCfg = Release|Any CPU
		{0563F83B-0CB3-4B20-B530-7FF36B53580E}.Release|Any CPU.Build.0 = Release|Any CPU
		{849C5FE5-277A-4EBF-9FC2-3BDE06FD31BA}.Debug|Any CPU.ActiveCfg = Debug|Any CPU
		{849C5FE5-277A-4EBF-9FC2-3BDE06FD31BA}.Debug|Any CPU.Build.0 = Debug|Any CPU
		{849C5FE5-277A-4EBF-9FC2-3BDE06FD31BA}.Release|Any CPU.ActiveCfg = Release|Any CPU
		{849C5FE5-277A-4EBF-9FC2-3BDE06FD31BA}.Release|Any CPU.Build.0 = Release|Any CPU
		{5CC04E41-C980-4BEC-B9B6-0EB044CAC014}.Debug|Any CPU.ActiveCfg = Debug|Any CPU
		{5CC04E41-C980-4BEC-B9B6-0EB044CAC014}.Debug|Any CPU.Build.0 = Debug|Any CPU
		{5CC04E41-C980-4BEC-B9B6-0EB044CAC014}.Release|Any CPU.ActiveCfg = Release|Any CPU
		{5CC04E41-C980-4BEC-B9B6-0EB044CAC014}.Release|Any CPU.Build.0 = Release|Any CPU
		{5AE7EC44-DA37-497A-8214-89BE05CA55CF}.Debug|Any CPU.ActiveCfg = Debug|Any CPU
		{5AE7EC44-DA37-497A-8214-89BE05CA55CF}.Debug|Any CPU.Build.0 = Debug|Any CPU
		{5AE7EC44-DA37-497A-8214-89BE05CA55CF}.Release|Any CPU.ActiveCfg = Release|Any CPU
		{5AE7EC44-DA37-497A-8214-89BE05CA55CF}.Release|Any CPU.Build.0 = Release|Any CPU
		{36254D42-D9B1-418F-902F-1EE5CC5A9C2B}.Debug|Any CPU.ActiveCfg = Debug|Any CPU
		{36254D42-D9B1-418F-902F-1EE5CC5A9C2B}.Debug|Any CPU.Build.0 = Debug|Any CPU
		{36254D42-D9B1-418F-902F-1EE5CC5A9C2B}.Release|Any CPU.ActiveCfg = Release|Any CPU
		{36254D42-D9B1-418F-902F-1EE5CC5A9C2B}.Release|Any CPU.Build.0 = Release|Any CPU
	EndGlobalSection
	GlobalSection(SolutionProperties) = preSolution
		HideSolutionNode = FALSE
	EndGlobalSection
	GlobalSection(ExtensibilityGlobals) = postSolution
		SolutionGuid = {8FA4C981-5B03-423B-9D84-EA4DE260B591}
	EndGlobalSection
EndGlobal
